
Microsoft Visual Studio Solution File, Format Version 12.00
# Visual Studio 15
VisualStudioVersion = 15.0.28010.2048
MinimumVisualStudioVersion = 10.0.40219.1
Project("{9A19103F-16F7-4668-BE54-9A1E7A4F7556}") = "FunctionsTests", "FunctionsTests\FunctionsTests.csproj", "{3781011A-4CAE-4EDC-92A5-80DB75241CED}"
EndProject
Project("{FAE04EC0-301F-11D3-BF4B-00C04F79EFBC}") = "FunctionTestsApp", "FunctionTestsApp\FunctionTestsApp.csproj", "{DF1DF479-B274-4B11-880C-A75C2D122ECD}"
EndProject
Global
	GlobalSection(SolutionConfigurationPlatforms) = preSolution
		Debug|Any CPU = Debug|Any CPU
		Release|Any CPU = Release|Any CPU
	EndGlobalSection
	GlobalSection(ProjectConfigurationPlatforms) = postSolution
		{3781011A-4CAE-4EDC-92A5-80DB75241CED}.Debug|Any CPU.ActiveCfg = Debug|Any CPU
		{3781011A-4CAE-4EDC-92A5-80DB75241CED}.Debug|Any CPU.Build.0 = Debug|Any CPU
		{3781011A-4CAE-4EDC-92A5-80DB75241CED}.Release|Any CPU.ActiveCfg = Release|Any CPU
		{3781011A-4CAE-4EDC-92A5-80DB75241CED}.Release|Any CPU.Build.0 = Release|Any CPU
		{DF1DF479-B274-4B11-880C-A75C2D122ECD}.Debug|Any CPU.ActiveCfg = Debug|Any CPU
		{DF1DF479-B274-4B11-880C-A75C2D122ECD}.Debug|Any CPU.Build.0 = Debug|Any CPU
		{DF1DF479-B274-4B11-880C-A75C2D122ECD}.Release|Any CPU.ActiveCfg = Release|Any CPU
		{DF1DF479-B274-4B11-880C-A75C2D122ECD}.Release|Any CPU.Build.0 = Release|Any CPU
	EndGlobalSection
	GlobalSection(SolutionProperties) = preSolution
		HideSolutionNode = FALSE
	EndGlobalSection
	GlobalSection(ExtensibilityGlobals) = postSolution
		SolutionGuid = {D88B7B1D-971D-4A7A-91C8-9F7A372F618C}
	EndGlobalSection
EndGlobal
